Microsoft Visual Studio Solution File, Format Version 12.00
# Visual Studio Version 17
VisualStudioVersion = 17.5.2.0
MinimumVisualStudioVersion = 10.0.40219.1
Project("{FAE04EC0-301F-11D3-BF4B-00C04F79EFBC}") = "practice-for-rest-api", "practice-for-rest-api.csproj", "{977AF821-4A3F-ACD2-E794-0B4DD57AAAF1}"
EndProject
Global
	GlobalSection(SolutionConfigurationPlatforms) = preSolution
		Debug|Any CPU = Debug|Any CPU
		Release|Any CPU = Release|Any CPU
	EndGlobalSection
	GlobalSection(ProjectConfigurationPlatforms) = postSolution
		{977AF821-4A3F-ACD2-E794-0B4DD57AAAF1}.Debug|Any CPU.ActiveCfg = Debug|Any CPU
		{977AF821-4A3F-ACD2-E794-0B4DD57AAAF1}.Debug|Any CPU.Build.0 = Debug|Any CPU
		{977AF821-4A3F-ACD2-E794-0B4DD57AAAF1}.Release|Any CPU.ActiveCfg = Release|Any CPU
		{977AF821-4A3F-ACD2-E794-0B4DD57AAAF1}.Release|Any CPU.Build.0 = Release|Any CPU
	EndGlobalSection
	GlobalSection(SolutionProperties) = preSolution
		HideSolutionNode = FALSE
	EndGlobalSection
	GlobalSection(ExtensibilityGlobals) = postSolution
		SolutionGuid = {DB94BE06-10E4-4AB8-9FFA-D109B0A1F1E4}
	EndGlobalSection
EndGlobal
curl https://raw.githubusercontent.com/github/gitignore/main/VisualStudio.gitignore -o .gitignore
